
Microsoft Visual Studio Solution File, Format Version 12.00
Project("{FAE04EC0-301F-11D3-BF4B-00C04F79EFBC}") = "PageObject", "PageObject\PageObject.csproj", "{21ED590F-B6F9-4E68-8E19-5BB66645CBAA}"
EndProject
Global
	GlobalSection(SolutionConfigurationPlatforms) = preSolution
		Debug|Any CPU = Debug|Any CPU
		Release|Any CPU = Release|Any CPU
	EndGlobalSection
	GlobalSection(ProjectConfigurationPlatforms) = postSolution
		{21ED590F-B6F9-4E68-8E19-5BB66645CBAA}.Debug|Any CPU.ActiveCfg = Debug|Any CPU
		{21ED590F-B6F9-4E68-8E19-5BB66645CBAA}.Debug|Any CPU.Build.0 = Debug|Any CPU
		{21ED590F-B6F9-4E68-8E19-5BB66645CBAA}.Release|Any CPU.ActiveCfg = Release|Any CPU
		{21ED590F-B6F9-4E68-8E19-5BB66645CBAA}.Release|Any CPU.Build.0 = Release|Any CPU
	EndGlobalSection
EndGlobal
