
Microsoft Visual Studio Solution File, Format Version 12.00
Project("{FAE04EC0-301F-11D3-BF4B-00C04F79EFBC}") = "Task-6", "Task-6\Task-6.csproj", "{E2560911-ADB4-4BC1-B4A2-CE3CE77F542C}"
EndProject
Global
	GlobalSection(SolutionConfigurationPlatforms) = preSolution
		Debug|Any CPU = Debug|Any CPU
		Release|Any CPU = Release|Any CPU
	EndGlobalSection
	GlobalSection(ProjectConfigurationPlatforms) = postSolution
		{E2560911-ADB4-4BC1-B4A2-CE3CE77F542C}.Debug|Any CPU.ActiveCfg = Debug|Any CPU
		{E2560911-ADB4-4BC1-B4A2-CE3CE77F542C}.Debug|Any CPU.Build.0 = Debug|Any CPU
		{E2560911-ADB4-4BC1-B4A2-CE3CE77F542C}.Release|Any CPU.ActiveCfg = Release|Any CPU
		{E2560911-ADB4-4BC1-B4A2-CE3CE77F542C}.Release|Any CPU.Build.0 = Release|Any CPU
	EndGlobalSection
EndGlobal
